
Microsoft Visual Studio Solution File, Format Version 12.00
# Visual Studio Version 16
VisualStudioVersion = 16.0.29326.143
MinimumVisualStudioVersion = 10.0.40219.1
Project("{8BC9CEB8-8B4A-11D0-8D11-00A0C91BC942}") = "odyssey2", "odyssey2\odyssey2.vcxproj", "{5A92ADA1-88F7-437A-8320-F89515C33442}"
EndProject
Global
	GlobalSection(SolutionConfigurationPlatforms) = preSolution
		Debug|x64 = Debug|x64
		Debug|x86 = Debug|x86
		Release|x64 = Release|x64
		Release|x86 = Release|x86
	EndGlobalSection
	GlobalSection(ProjectConfigurationPlatforms) = postSolution
		{5A92ADA1-88F7-437A-8320-F89515C33442}.Debug|x64.ActiveCfg = Debug|x64
		{5A92ADA1-88F7-437A-8320-F89515C33442}.Debug|x64.Build.0 = Debug|x64
		{5A92ADA1-88F7-437A-8320-F89515C33442}.Debug|x86.ActiveCfg = Debug|Win32
		{5A92ADA1-88F7-437A-8320-F89515C33442}.Debug|x86.Build.0 = Debug|Win32
		{5A92ADA1-88F7-437A-8320-F89515C33442}.Release|x64.ActiveCfg = Release|x64
		{5A92ADA1-88F7-437A-8320-F89515C33442}.Release|x64.Build.0 = Release|x64
		{5A92ADA1-88F7-437A-8320-F89515C33442}.Release|x86.ActiveCfg = Release|Win32
		{5A92ADA1-88F7-437A-8320-F89515C33442}.Release|x86.Build.0 = Release|Win32
	EndGlobalSection
	GlobalSection(SolutionProperties) = preSolution
		HideSolutionNode = FALSE
	EndGlobalSection
	GlobalSection(ExtensibilityGlobals) = postSolution
		SolutionGuid = {1A487423-8346-4205-AA55-E4C6F302F721}
	EndGlobalSection
EndGlobal
